// !$*UTF8*$!
{
	archiveVersion = 1;
	classes = {
	};
	objectVersion = 46;
	objects = {

/* Begin PBXBuildFile section */
		BF80E8181BC8B0EB0037E0EB /* main.m in Sources */ = {isa = PBXBuildFile; fileRef = BF80E8171BC8B0EB0037E0EB /* main.m */; };
		BF80E81B1BC8B0EB0037E0EB /* AppDelegate.m in Sources */ = {isa = PBXBuildFile; fileRef = BF80E81A1BC8B0EB0037E0EB /* AppDelegate.m */; };
		BF80E81E1BC8B0EB0037E0EB /* ViewController.m in Sources */ = {isa = PBXBuildFile; fileRef = BF80E81D1BC8B0EB0037E0EB /* ViewController.m */; };
		BF80E8211BC8B0EB0037E0EB /* Main.storyboard in Resources */ = {isa = PBXBuildFile; fileRef = BF80E81F1BC8B0EB0037E0EB /* Main.storyboard */; };
		BF80E8231BC8B0EB0037E0EB /* Images.xcassets in Resources */ = {isa = PBXBuildFile; fileRef = BF80E8221BC8B0EB0037E0EB /* Images.xcassets */; };
		BF80E8261BC8B0EB0037E0EB /* LaunchScreen.xib in Resources */ = {isa = PBXBuildFile; fileRef = BF80E8241BC8B0EB0037E0EB /* LaunchScreen.xib */; };
		BF80E8321BC8B0EC0037E0EB /* VHLRefreshTests.m in Sources */ = {isa = PBXBuildFile; fileRef = BF80E8311BC8B0EC0037E0EB /* VHLRefreshTests.m */; };
/* End PBXBuildFile section */

/* Begin PBXContainerItemProxy section */
		BF80E82C1BC8B0EC0037E0EB /* PBXContainerItemProxy */ = {
			isa = PBXContainerItemProxy;
			containerPortal = BF80E80A1BC8B0EB0037E0EB /* Project object */;
			proxyType = 1;
			remoteGlobalIDString = BF80E8111BC8B0EB0037E0EB;
			remoteInfo = VHLRefresh;
		};
/* End PBXContainerItemProxy section */

/* Begin PBXFileReference section */
		BF80E8121BC8B0EB0037E0EB /* VHLRefresh.app */ = {isa = PBXFileReference; explicitFileType = wrapper.application; includeInIndex = 0; path = VHLRefresh.app; sourceTree = BUILT_PRODUCTS_DIR; };
		BF80E8161BC8B0EB0037E0EB /* Info.plist */ = {isa = PBXFileReference; lastKnownFileType = text.plist.xml; path = Info.plist; sourceTree = "<group>"; };
		BF80E8171BC8B0EB0037E0EB /* main.m */ = {isa = PBXFileReference; lastKnownFileType = sourcecode.c.objc; path = main.m; sourceTree = "<group>"; };
		BF80E8191BC8B0EB0037E0EB /* AppDelegate.h */ = {isa = PBXFileReference; lastKnownFileType = sourcecode.c.h; path = AppDelegate.h; sourceTree = "<group>"; };
		BF80E81A1BC8B0EB0037E0EB /* AppDelegate.m */ = {isa = PBXFileReference; lastKnownFileType = sourcecode.c.objc; path = AppDelegate.m; sourceTree = "<group>"; };
		BF80E81C1BC8B0EB0037E0EB /* ViewController.h */ = {isa = PBXFileReference; lastKnownFileType = sourcecode.c.h; path = ViewController.h; sourceTree = "<group>"; };
		BF80E81D1BC8B0EB0037E0EB /* ViewController.m */ = {isa = PBXFileReference; lastKnownFileType = sourcecode.c.objc; path = ViewController.m; sourceTree = "<group>"; };
		BF80E8201BC8B0EB0037E0EB /* Base */ = {isa = PBXFileReference; lastKnownFileType = file.storyboard; name = Base; path = Base.lproj/Main.storyboard; sourceTree = "<group>"; };
		BF80E8221BC8B0EB0037E0EB /* Images.xcassets */ = {isa = PBXFileReference; lastKnownFileType = folder.assetcatalog; path = Images.xcassets; sourceTree = "<group>"; };
		BF80E8251BC8B0EB0037E0EB /* Base */ = {isa = PBXFileReference; lastKnownFileType = file.xib; name = Base; path = Base.lproj/LaunchScreen.xib; sourceTree = "<group>"; };
		BF80E82B1BC8B0EC0037E0EB /* VHLRefreshTests.xctest */ = {isa = PBXFileReference; explicitFileType = wrapper.cfbundle; includeInIndex = 0; path = VHLRefreshTests.xctest; sourceTree = BUILT_PRODUCTS_DIR; };
		BF80E8301BC8B0EC0037E0EB /* Info.plist */ = {isa = PBXFileReference; lastKnownFileType = text.plist.xml; path = Info.plist; sourceTree = "<group>"; };
		BF80E8311BC8B0EC0037E0EB /* VHLRefreshTests.m */ = {isa = PBXFileReference; lastKnownFileType = sourcecode.c.objc; path = VHLRefreshTests.m; sourceTree = "<group>"; };
/* End PBXFileReference section */

/* Begin PBXFrameworksBuildPhase section */
		BF80E80F1BC8B0EB0037E0EB /* Frameworks */ = {
			isa = PBXFrameworksBuildPhase;
			buildActionMask = 2147483647;
			files = (
			);
			runOnlyForDeploymentPostprocessing = 0;
		};
		BF80E8281BC8B0EC0037E0EB /* Frameworks */ = {
			isa = PBXFrameworksBuildPhase;
			buildActionMask = 2147483647;
			files = (
			);
			runOnlyForDeploymentPostprocessing = 0;
		};
/* End PBXFrameworksBuildPhase section */

/* Begin PBXGroup section */
		BF80E8091BC8B0EB0037E0EB = {
			isa = PBXGroup;
			children = (
				BF80E8141BC8B0EB0037E0EB /* VHLRefresh */,
				BF80E82E1BC8B0EC0037E0EB /* VHLRefreshTests */,
				BF80E8131BC8B0EB0037E0EB /* Products */,
			);
			sourceTree = "<group>";
		};
		BF80E8131BC8B0EB0037E0EB /* Products */ = {
			isa = PBXGroup;
			children = (
				BF80E8121BC8B0EB0037E0EB /* VHLRefresh.app */,
				BF80E82B1BC8B0EC0037E0EB /* VHLRefreshTests.xctest */,
			);
			name = Products;
			sourceTree = "<group>";
		};
		BF80E8141BC8B0EB0037E0EB /* VHLRefresh */ = {
			isa = PBXGroup;
			children = (
				BF80E8191BC8B0EB0037E0EB /* AppDelegate.h */,
				BF80E81A1BC8B0EB0037E0EB /* AppDelegate.m */,
				BF80E81C1BC8B0EB0037E0EB /* ViewController.h */,
				BF80E81D1BC8B0EB0037E0EB /* ViewController.m */,
				BF80E81F1BC8B0EB0037E0EB /* Main.storyboard */,
				BF80E8221BC8B0EB0037E0EB /* Images.xcassets */,
				BF80E8241BC8B0EB0037E0EB /* LaunchScreen.xib */,
				BF80E8151BC8B0EB0037E0EB /* Supporting Files */,
			);
			path = VHLRefresh;
			sourceTree = "<group>";
		};
		BF80E8151BC8B0EB0037E0EB /* Supporting Files */ = {
			isa = PBXGroup;
			children = (
				BF80E8161BC8B0EB0037E0EB /* Info.plist */,
				BF80E8171BC8B0EB0037E0EB /* main.m */,
			);
			name = "Supporting Files";
			sourceTree = "<group>";
		};
		BF80E82E1BC8B0EC0037E0EB /* VHLRefreshTests */ = {
			isa = PBXGroup;
			children = (
				BF80E8311BC8B0EC0037E0EB /* VHLRefreshTests.m */,
				BF80E82F1BC8B0EC0037E0EB /* Supporting Files */,
			);
			path = VHLRefreshTests;
			sourceTree = "<group>";
		};
		BF80E82F1BC8B0EC0037E0EB /* Supporting Files */ = {
			isa = PBXGroup;
			children = (
				BF80E8301BC8B0EC0037E0EB /* Info.plist */,
			);
			name = "Supporting Files";
			sourceTree = "<group>";
		};
/* End PBXGroup section */

/* Begin PBXNativeTarget section */
		BF80E8111BC8B0EB0037E0EB /* VHLRefresh */ = {
			isa = PBXNativeTarget;
			buildConfigurationList = BF80E8351BC8B0EC0037E0EB /* Build configuration list for PBXNativeTarget "VHLRefresh" */;
			buildPhases = (
				BF80E80E1BC8B0EB0037E0EB /* Sources */,
				BF80E80F1BC8B0EB0037E0EB /* Frameworks */,
				BF80E8101BC8B0EB0037E0EB /* Resources */,
			);
			buildRules = (
			);
			dependencies = (
			);
			name = VHLRefresh;
			productName = VHLRefresh;
			productReference = BF80E8121BC8B0EB0037E0EB /* VHLRefresh.app */;
			productType = "com.apple.product-type.application";
		};
		BF80E82A1BC8B0EC0037E0EB /* VHLRefreshTests */ = {
			isa = PBXNativeTarget;
			buildConfigurationList = BF80E8381BC8B0EC0037E0EB /* Build configuration list for PBXNativeTarget "VHLRefreshTests" */;
			buildPhases = (
				BF80E8271BC8B0EC0037E0EB /* Sources */,
				BF80E8281BC8B0EC0037E0EB /* Frameworks */,
				BF80E8291BC8B0EC0037E0EB /* Resources */,
			);
			buildRules = (
			);
			dependencies = (
				BF80E82D1BC8B0EC0037E0EB /* PBXTargetDependency */,
			);
			name = VHLRefreshTests;
			productName = VHLRefreshTests;
			productReference = BF80E82B1BC8B0EC0037E0EB /* VHLRefreshTests.xctest */;
			productType = "com.apple.product-type.bundle.unit-test";
		};
/* End PBXNativeTarget section */

/* Begin PBXProject section */
		BF80E80A1BC8B0EB0037E0EB /* Project object */ = {
			isa = PBXProject;
			attributes = {
				LastUpgradeCheck = 0640;
				ORGANIZATIONNAME = "Darnel Studio";
				TargetAttributes = {
					BF80E8111BC8B0EB0037E0EB = {
						CreatedOnToolsVersion = 6.4;
					};
					BF80E82A1BC8B0EC0037E0EB = {
						CreatedOnToolsVersion = 6.4;
						TestTargetID = BF80E8111BC8B0EB0037E0EB;
					};
				};
			};
			buildConfigurationList = BF80E80D1BC8B0EB0037E0EB /* Build configuration list for PBXProject "VHLRefresh" */;
			compatibilityVersion = "Xcode 3.2";
			developmentRegion = English;
			hasScannedForEncodings = 0;
			knownRegions = (
				en,
				Base,
			);
			mainGroup = BF80E8091BC8B0EB0037E0EB;
			productRefGroup = BF80E8131BC8B0EB0037E0EB /* Products */;
			projectDirPath = "";
			projectRoot = "";
			targets = (
				BF80E8111BC8B0EB0037E0EB /* VHLRefresh */,
				BF80E82A1BC8B0EC0037E0EB /* VHLRefreshTests */,
			);
		};
/* End PBXProject section */

/* Begin PBXResourcesBuildPhase section */
		BF80E8101BC8B0EB0037E0EB /* Resources */ = {
			isa = PBXResourcesBuildPhase;
			buildActionMask = 2147483647;
			files = (
				BF80E8211BC8B0EB0037E0EB /* Main.storyboard in Resources */,
				BF80E8261BC8B0EB0037E0EB /* LaunchScreen.xib in Resources */,
				BF80E8231BC8B0EB0037E0EB /* Images.xcassets in Resources */,
			);
			runOnlyForDeploymentPostprocessing = 0;
		};
		BF80E8291BC8B0EC0037E0EB /* Resources */ = {
			isa = PBXResourcesBuildPhase;
			buildActionMask = 2147483647;
			files = (
			);
			runOnlyForDeploymentPostprocessing = 0;
		};
/* End PBXResourcesBuildPhase section */

/* Begin PBXSourcesBuildPhase section */
		BF80E80E1BC8B0EB0037E0EB /* Sources */ = {
			isa = PBXSourcesBuildPhase;
			buildActionMask = 2147483647;
			files = (
				BF80E81E1BC8B0EB0037E0EB /* ViewController.m in Sources */,
				BF80E81B1BC8B0EB0037E0EB /* AppDelegate.m in Sources */,
				BF80E8181BC8B0EB0037E0EB /* main.m in Sources */,
			);
			runOnlyForDeploymentPostprocessing = 0;
		};
		BF80E8271BC8B0EC0037E0EB /* Sources */ = {
			isa = PBXSourcesBuildPhase;
			buildActionMask = 2147483647;
			files = (
				BF80E8321BC8B0EC0037E0EB /* VHLRefreshTests.m in Sources */,
			);
			runOnlyForDeploymentPostprocessing = 0;
		};
/* End PBXSourcesBuildPhase section */

/* Begin PBXTargetDependency section */
		BF80E82D1BC8B0EC0037E0EB /* PBXTargetDependency */ = {
			isa = PBXTargetDependency;
			target = BF80E8111BC8B0EB0037E0EB /* VHLRefresh */;
			targetProxy = BF80E82C1BC8B0EC0037E0EB /* PBXContainerItemProxy */;
		};
/* End PBXTargetDependency section */

/* Begin PBXVariantGroup section */
		BF80E81F1BC8B0EB0037E0EB /* Main.storyboard */ = {
			isa = PBXVariantGroup;
			children = (
				BF80E8201BC8B0EB0037E0EB /* Base */,
			);
			name = Main.storyboard;
			sourceTree = "<group>";
		};
		BF80E8241BC8B0EB0037E0EB /* LaunchScreen.xib */ = {
			isa = PBXVariantGroup;
			children = (
				BF80E8251BC8B0EB0037E0EB /* Base */,
			);
			name = LaunchScreen.xib;
			sourceTree = "<group>";
		};
/* End PBXVariantGroup section */

/* Begin XCBuildConfiguration section */
		BF80E8331BC8B0EC0037E0EB /* Debug */ = {
			isa = XCBuildConfiguration;
			buildSettings = {
				ALWAYS_SEARCH_USER_PATHS = NO;
				CLANG_CXX_LANGUAGE_STANDARD = "gnu++0x";
				CLANG_CXX_LIBRARY = "libc++";
				CLANG_ENABLE_MODULES = YES;
				CLANG_ENABLE_OBJC_ARC = YES;
				CLANG_WARN_BOOL_CONVERSION = YES;
				CLANG_WARN_CONSTANT_CONVERSION = YES;
				CLANG_WARN_DIRECT_OBJC_ISA_USAGE = YES_ERROR;
				CLANG_WARN_EMPTY_BODY = YES;
				CLANG_WARN_ENUM_CONVERSION = YES;
				CLANG_WARN_INT_CONVERSION = YES;
				CLANG_WARN_OBJC_ROOT_CLASS = YES_ERROR;
				CLANG_WARN_UNREACHABLE_CODE = YES;
				CLANG_WARN__DUPLICATE_METHOD_MATCH = YES;
				"CODE_SIGN_IDENTITY[sdk=iphoneos*]" = "iPhone Developer";
				COPY_PHASE_STRIP = NO;
				DEBUG_INFORMATION_FORMAT = "dwarf-with-dsym";
				ENABLE_STRICT_OBJC_MSGSEND = YES;
				GCC_C_LANGUAGE_STANDARD = gnu99;
				GCC_DYNAMIC_NO_PIC = NO;
				GCC_NO_COMMON_BLOCKS = YES;
				GCC_OPTIMIZATION_LEVEL = 0;
				GCC_PREPROCESSOR_DEFINITIONS = (
					"DEBUG=1",
					"$(inherited)",
				);
				GCC_SYMBOLS_PRIVATE_EXTERN = NO;
				GCC_WARN_64_TO_32_BIT_CONVERSION = YES;
				GCC_WARN_ABOUT_RETURN_TYPE = YES_ERROR;
				GCC_WARN_UNDECLARED_SELECTOR = YES;
				GCC_WARN_UNINITIALIZED_AUTOS = YES_AGGRESSIVE;
				GCC_WARN_UNUSED_FUNCTION = YES;
				GCC_WARN_UNUSED_VARIABLE = YES;
				IPHONEOS_DEPLOYMENT_TARGET = 8.4;
				MTL_ENABLE_DEBUG_INFO = YES;
				ONLY_ACTIVE_ARCH = YES;
				SDKROOT = iphoneos;
				TARGETED_DEVICE_FAMILY = "1,2";
			};
			name = Debug;
		};
		BF80E8341BC8B0EC0037E0EB /* Release */ = {
			isa = XCBuildConfiguration;
			buildSettings = {
				ALWAYS_SEARCH_USER_PATHS = NO;
				CLANG_CXX_LANGUAGE_STANDARD = "gnu++0x";
				CLANG_CXX_LIBRARY = "libc++";
				CLANG_ENABLE_MODULES = YES;
				CLANG_ENABLE_OBJC_ARC = YES;
				CLANG_WARN_BOOL_CONVERSION = YES;
				CLANG_WARN_CONSTANT_CONVERSION = YES;
				CLANG_WARN_DIRECT_OBJC_ISA_USAGE = YES_ERROR;
				CLANG_WARN_EMPTY_BODY = YES;
				CLANG_WARN_ENUM_CONVERSION = YES;
				CLANG_WARN_INT_CONVERSION = YES;
				CLANG_WARN_OBJC_ROOT_CLASS = YES_ERROR;
				CLANG_WARN_UNREACHABLE_CODE = YES;
				CLANG_WARN__DUPLICATE_METHOD_MATCH = YES;
				"CODE_SIGN_IDENTITY[sdk=iphoneos*]" = "iPhone Developer";
				COPY_PHASE_STRIP = NO;
				DEBUG_INFORMATION_FORMAT = "dwarf-with-dsym";
				ENABLE_NS_ASSERTIONS = NO;
				ENABLE_STRICT_OBJC_MSGSEND = YES;
				GCC_C_LANGUAGE_STANDARD = gnu99;
				GCC_NO_COMMON_BLOCKS = YES;
				GCC_WARN_64_TO_32_BIT_CONVERSION = YES;
				GCC_WARN_ABOUT_RETURN_TYPE = YES_ERROR;
				GCC_WARN_UNDECLARED_SELECTOR = YES;
				GCC_WARN_UNINITIALIZED_AUTOS = YES_AGGRESSIVE;
				GCC_WARN_UNUSED_FUNCTION = YES;
				GCC_WARN_UNUSED_VARIABLE = YES;
				IPHONEOS_DEPLOYMENT_TARGET = 8.4;
				MTL_ENABLE_DEBUG_INFO = NO;
				SDKROOT = iphoneos;
				TARGETED_DEVICE_FAMILY = "1,2";
				VALIDATE_PRODUCT = YES;
			};
			name = Release;
		};
		BF80E8361BC8B0EC0037E0EB /* Debug */ = {
			isa = XCBuildConfiguration;
			buildSettings = {
				ASSETCATALOG_COMPILER_APPICON_NAME = AppIcon;
				INFOPLIST_FILE = VHLRefresh/Info.plist;
				LD_RUNPATH_SEARCH_PATHS = "$(inherited) @executable_path/Frameworks";
				PRODUCT_NAME = "$(TARGET_NAME)";
			};
			name = Debug;
		};
		BF80E8371BC8B0EC0037E0EB /* Release */ = {
			isa = XCBuildConfiguration;
			buildSettings = {
				ASSETCATALOG_COMPILER_APPICON_NAME = AppIcon;
				INFOPLIST_FILE = VHLRefresh/Info.plist;
				LD_RUNPATH_SEARCH_PATHS = "$(inherited) @executable_path/Frameworks";
				PRODUCT_NAME = "$(TARGET_NAME)";
			};
			name = Release;
		};
		BF80E8391BC8B0EC0037E0EB /* Debug */ = {
			isa = XCBuildConfiguration;
			buildSettings = {
				BUNDLE_LOADER = "$(TEST_HOST)";
				FRAMEWORK_SEARCH_PATHS = (
					"$(SDKROOT)/Developer/Library/Frameworks",
					"$(inherited)",
				);
				GCC_PREPROCESSOR_DEFINITIONS = (
					"DEBUG=1",
					"$(inherited)",
				);
				INFOPLIST_FILE = VHLRefreshTests/Info.plist;
				LD_RUNPATH_SEARCH_PATHS = "$(inherited) @executable_path/Frameworks @loader_path/Frameworks";
				PRODUCT_NAME = "$(TARGET_NAME)";
				TEST_HOST = "$(BUILT_PRODUCTS_DIR)/VHLRefresh.app/VHLRefresh";
			};
			name = Debug;
		};
		BF80E83A1BC8B0EC0037E0EB /* Release */ = {
			isa = XCBuildConfiguration;
			buildSettings = {
				BUNDLE_LOADER = "$(TEST_HOST)";
				FRAMEWORK_SEARCH_PATHS = (
					"$(SDKROOT)/Developer/Library/Frameworks",
					"$(inherited)",
				);
				INFOPLIST_FILE = VHLRefreshTests/Info.plist;
				LD_RUNPATH_SEARCH_PATHS = "$(inherited) @executable_path/Frameworks @loader_path/Frameworks";
				PRODUCT_NAME = "$(TARGET_NAME)";
				TEST_HOST = "$(BUILT_PRODUCTS_DIR)/VHLRefresh.app/VHLRefresh";
			};
			name = Release;
		};
/* End XCBuildConfiguration section */

/* Begin XCConfigurationList section */
		BF80E80D1BC8B0EB0037E0EB /* Build configuration list for PBXProject "VHLRefresh" */ = {
			isa = XCConfigurationList;
			buildConfigurations = (
				BF80E8331BC8B0EC0037E0EB /* Debug */,
				BF80E8341BC8B0EC0037E0EB /* Release */,
			);
			defaultConfigurationIsVisible = 0;
			defaultConfigurationName = Release;
		};
		BF80E8351BC8B0EC0037E0EB /* Build configuration list for PBXNativeTarget "VHLRefresh" */ = {
			isa = XCConfigurationList;
			buildConfigurations = (
				BF80E8361BC8B0EC0037E0EB /* Debug */,
				BF80E8371BC8B0EC0037E0EB /* Release */,
			);
			defaultConfigurationIsVisible = 0;
		};
		BF80E8381BC8B0EC0037E0EB /* Build configuration list for PBXNativeTarget "VHLRefreshTests" */ = {
			isa = XCConfigurationList;
			buildConfigurations = (
				BF80E8391BC8B0EC0037E0EB /* Debug */,
				BF80E83A1BC8B0EC0037E0EB /* Release */,
			);
			defaultConfigurationIsVisible = 0;
		};
/* End XCConfigurationList section */
	};
	rootObject = BF80E80A1BC8B0EB0037E0EB /* Project object */;
}
